
Microsoft Visual Studio Solution File, Format Version 12.00
# Visual Studio 15
VisualStudioVersion = 15.0.26124.0
MinimumVisualStudioVersion = 15.0.26124.0
Project("{FAE04EC0-301F-11D3-BF4B-00C04F79EFBC}") = "BlazorDemo.ServerSide", "BlazorDemo.ServerSide\BlazorDemo.ServerSide.csproj", "{823DABF7-5460-4D8E-AAB8-D228CDE8D995}"
EndProject
Project("{FAE04EC0-301F-11D3-BF4B-00C04F79EFBC}") = "BlazorDemo", "BlazorDemo\BlazorDemo.csproj", "{5680A4C5-93F1-401C-80CB-8AFBF732A541}"
EndProject
Project("{FAE04EC0-301F-11D3-BF4B-00C04F79EFBC}") = "DevExpress.Blazor.DocumentMetadata", "..\..\tools\DevExpress.Blazor.DocumentMetadata\DevExpress.Blazor.DocumentMetadata.csproj", "{56489A70-42F9-476E-BAAB-CCA5EDAE09C8}"
EndProject
Project("{FAE04EC0-301F-11D3-BF4B-00C04F79EFBC}") = "BlazorDemo.Reporting", "BlazorDemo.Reporting\BlazorDemo.Reporting.csproj", "{1B797F5F-96D2-46C8-9543-FE785EC206F3}"
EndProject
Global
	GlobalSection(SolutionConfigurationPlatforms) = preSolution
		Debug|Any CPU = Debug|Any CPU
		Debug|x64 = Debug|x64
		Debug|x86 = Debug|x86
		Release|Any CPU = Release|Any CPU
		Release|x64 = Release|x64
		Release|x86 = Release|x86
	EndGlobalSection
	GlobalSection(SolutionProperties) = preSolution
		HideSolutionNode = FALSE
	EndGlobalSection
	GlobalSection(ProjectConfigurationPlatforms) = postSolution
		{823DABF7-5460-4D8E-AAB8-D228CDE8D995}.Debug|Any CPU.ActiveCfg = Debug|Any CPU
		{823DABF7-5460-4D8E-AAB8-D228CDE8D995}.Debug|Any CPU.Build.0 = Debug|Any CPU
		{823DABF7-5460-4D8E-AAB8-D228CDE8D995}.Debug|x64.ActiveCfg = Debug|Any CPU
		{823DABF7-5460-4D8E-AAB8-D228CDE8D995}.Debug|x64.Build.0 = Debug|Any CPU
		{823DABF7-5460-4D8E-AAB8-D228CDE8D995}.Debug|x86.ActiveCfg = Debug|Any CPU
		{823DABF7-5460-4D8E-AAB8-D228CDE8D995}.Debug|x86.Build.0 = Debug|Any CPU
		{823DABF7-5460-4D8E-AAB8-D228CDE8D995}.Release|Any CPU.ActiveCfg = Release|Any CPU
		{823DABF7-5460-4D8E-AAB8-D228CDE8D995}.Release|Any CPU.Build.0 = Release|Any CPU
		{823DABF7-5460-4D8E-AAB8-D228CDE8D995}.Release|x64.ActiveCfg = Release|Any CPU
		{823DABF7-5460-4D8E-AAB8-D228CDE8D995}.Release|x64.Build.0 = Release|Any CPU
		{823DABF7-5460-4D8E-AAB8-D228CDE8D995}.Release|x86.ActiveCfg = Release|Any CPU
		{823DABF7-5460-4D8E-AAB8-D228CDE8D995}.Release|x86.Build.0 = Release|Any CPU
		{5680A4C5-93F1-401C-80CB-8AFBF732A541}.Debug|Any CPU.ActiveCfg = Debug|Any CPU
		{5680A4C5-93F1-401C-80CB-8AFBF732A541}.Debug|Any CPU.Build.0 = Debug|Any CPU
		{5680A4C5-93F1-401C-80CB-8AFBF732A541}.Debug|x64.ActiveCfg = Debug|Any CPU
		{5680A4C5-93F1-401C-80CB-8AFBF732A541}.Debug|x64.Build.0 = Debug|Any CPU
		{5680A4C5-93F1-401C-80CB-8AFBF732A541}.Debug|x86.ActiveCfg = Debug|Any CPU
		{5680A4C5-93F1-401C-80CB-8AFBF732A541}.Debug|x86.Build.0 = Debug|Any CPU
		{5680A4C5-93F1-401C-80CB-8AFBF732A541}.Release|Any CPU.ActiveCfg = Release|Any CPU
		{5680A4C5-93F1-401C-80CB-8AFBF732A541}.Release|Any CPU.Build.0 = Release|Any CPU
		{5680A4C5-93F1-401C-80CB-8AFBF732A541}.Release|x64.ActiveCfg = Release|Any CPU
		{5680A4C5-93F1-401C-80CB-8AFBF732A541}.Release|x64.Build.0 = Release|Any CPU
		{5680A4C5-93F1-401C-80CB-8AFBF732A541}.Release|x86.ActiveCfg = Release|Any CPU
		{5680A4C5-93F1-401C-80CB-8AFBF732A541}.Release|x86.Build.0 = Release|Any CPU
		{56489A70-42F9-476E-BAAB-CCA5EDAE09C8}.Debug|Any CPU.ActiveCfg = Debug|Any CPU
		{56489A70-42F9-476E-BAAB-CCA5EDAE09C8}.Debug|Any CPU.Build.0 = Debug|Any CPU
		{56489A70-42F9-476E-BAAB-CCA5EDAE09C8}.Debug|x64.ActiveCfg = Debug|Any CPU
		{56489A70-42F9-476E-BAAB-CCA5EDAE09C8}.Debug|x64.Build.0 = Debug|Any CPU
		{56489A70-42F9-476E-BAAB-CCA5EDAE09C8}.Debug|x86.ActiveCfg = Debug|Any CPU
		{56489A70-42F9-476E-BAAB-CCA5EDAE09C8}.Debug|x86.Build.0 = Debug|Any CPU
		{56489A70-42F9-476E-BAAB-CCA5EDAE09C8}.Release|Any CPU.ActiveCfg = Release|Any CPU
		{56489A70-42F9-476E-BAAB-CCA5EDAE09C8}.Release|Any CPU.Build.0 = Release|Any CPU
		{56489A70-42F9-476E-BAAB-CCA5EDAE09C8}.Release|x64.ActiveCfg = Release|Any CPU
		{56489A70-42F9-476E-BAAB-CCA5EDAE09C8}.Release|x64.Build.0 = Release|Any CPU
		{56489A70-42F9-476E-BAAB-CCA5EDAE09C8}.Release|x86.ActiveCfg = Release|Any CPU
		{56489A70-42F9-476E-BAAB-CCA5EDAE09C8}.Release|x86.Build.0 = Release|Any CPU
		{1B797F5F-96D2-46C8-9543-FE785EC206F3}.Debug|Any CPU.ActiveCfg = Debug|Any CPU
		{1B797F5F-96D2-46C8-9543-FE785EC206F3}.Debug|Any CPU.Build.0 = Debug|Any CPU
		{1B797F5F-96D2-46C8-9543-FE785EC206F3}.Debug|x64.ActiveCfg = Debug|Any CPU
		{1B797F5F-96D2-46C8-9543-FE785EC206F3}.Debug|x64.Build.0 = Debug|Any CPU
		{1B797F5F-96D2-46C8-9543-FE785EC206F3}.Debug|x86.ActiveCfg = Debug|Any CPU
		{1B797F5F-96D2-46C8-9543-FE785EC206F3}.Debug|x86.Build.0 = Debug|Any CPU
		{1B797F5F-96D2-46C8-9543-FE785EC206F3}.Release|Any CPU.ActiveCfg = Release|Any CPU
		{1B797F5F-96D2-46C8-9543-FE785EC206F3}.Release|Any CPU.Build.0 = Release|Any CPU
		{1B797F5F-96D2-46C8-9543-FE785EC206F3}.Release|x64.ActiveCfg = Release|Any CPU
		{1B797F5F-96D2-46C8-9543-FE785EC206F3}.Release|x64.Build.0 = Release|Any CPU
		{1B797F5F-96D2-46C8-9543-FE785EC206F3}.Release|x86.ActiveCfg = Release|Any CPU
		{1B797F5F-96D2-46C8-9543-FE785EC206F3}.Release|x86.Build.0 = Release|Any CPU
	EndGlobalSection
EndGlobal
