
Microsoft Visual Studio Solution File, Format Version 12.00
# Visual Studio Version 16
VisualStudioVersion = 16.0.30225.117
MinimumVisualStudioVersion = 10.0.40219.1
Project("{9A19103F-16F7-4668-BE54-9A1E7A4F7556}") = "BlazorDemo.ServerSide", "BlazorDemo.ServerSide\BlazorDemo.ServerSide.csproj", "{3D8810E5-9DC9-454C-AFD7-8C0CE73FCEFC}"
EndProject
Project("{9A19103F-16F7-4668-BE54-9A1E7A4F7556}") = "BlazorDemo", "BlazorDemo\BlazorDemo.csproj", "{F4D5EE63-1446-4A8A-9AF2-1A28981B1077}"
EndProject
Global
	GlobalSection(SolutionConfigurationPlatforms) = preSolution
		Debug|Any CPU = Debug|Any CPU
		Release|Any CPU = Release|Any CPU
		VisualTests|Any CPU = VisualTests|Any CPU
	EndGlobalSection
	GlobalSection(ProjectConfigurationPlatforms) = postSolution
		{3D8810E5-9DC9-454C-AFD7-8C0CE73FCEFC}.Debug|Any CPU.ActiveCfg = Debug|Any CPU
		{3D8810E5-9DC9-454C-AFD7-8C0CE73FCEFC}.Debug|Any CPU.Build.0 = Debug|Any CPU
		{3D8810E5-9DC9-454C-AFD7-8C0CE73FCEFC}.Release|Any CPU.ActiveCfg = Release|Any CPU
		{3D8810E5-9DC9-454C-AFD7-8C0CE73FCEFC}.Release|Any CPU.Build.0 = Release|Any CPU
		{3D8810E5-9DC9-454C-AFD7-8C0CE73FCEFC}.VisualTests|Any CPU.ActiveCfg = Release|Any CPU
		{3D8810E5-9DC9-454C-AFD7-8C0CE73FCEFC}.VisualTests|Any CPU.Build.0 = Release|Any CPU
		{F4D5EE63-1446-4A8A-9AF2-1A28981B1077}.Debug|Any CPU.ActiveCfg = Debug|Any CPU
		{F4D5EE63-1446-4A8A-9AF2-1A28981B1077}.Debug|Any CPU.Build.0 = Debug|Any CPU
		{F4D5EE63-1446-4A8A-9AF2-1A28981B1077}.Release|Any CPU.ActiveCfg = Release|Any CPU
		{F4D5EE63-1446-4A8A-9AF2-1A28981B1077}.Release|Any CPU.Build.0 = Release|Any CPU
		{F4D5EE63-1446-4A8A-9AF2-1A28981B1077}.VisualTests|Any CPU.ActiveCfg = VisualTests|Any CPU
		{F4D5EE63-1446-4A8A-9AF2-1A28981B1077}.VisualTests|Any CPU.Build.0 = VisualTests|Any CPU
	EndGlobalSection
	GlobalSection(SolutionProperties) = preSolution
		HideSolutionNode = FALSE
	EndGlobalSection
	GlobalSection(ExtensibilityGlobals) = postSolution
		SolutionGuid = {FA967C5C-9DFC-45D1-B5F2-6FFE292D3F9E}
	EndGlobalSection
EndGlobal
