
Microsoft Visual Studio Solution File, Format Version 12.00
# Visual Studio 15
VisualStudioVersion = 15.0.26124.0
MinimumVisualStudioVersion = 15.0.26124.0
Project("{FAE04EC0-301F-11D3-BF4B-00C04F79EFBC}") = "BlazorDemo.ClientSide", "BlazorDemo.ClientSide\BlazorDemo.ClientSide.csproj", "{5D864CCA-5A2A-47E5-AE67-BE8F47F15C8B}"
EndProject
Project("{FAE04EC0-301F-11D3-BF4B-00C04F79EFBC}") = "BlazorDemo", "BlazorDemo\BlazorDemo.csproj", "{217BEDFB-A864-4BD5-A5DD-6281E927DCAC}"
EndProject
Project("{FAE04EC0-301F-11D3-BF4B-00C04F79EFBC}") = "DevExpress.Blazor.DocumentMetadata", "..\..\tools\DevExpress.Blazor.DocumentMetadata\DevExpress.Blazor.DocumentMetadata.csproj", "{EA3FF3E1-EE1D-413B-9A67-15FAD06B838F}"
EndProject
Project("{FAE04EC0-301F-11D3-BF4B-00C04F79EFBC}") = "BlazorDemo.Wasm", "BlazorDemo.Wasm\BlazorDemo.Wasm.csproj", "{A501E281-58D7-4751-9DE9-4E892D4140E3}"
EndProject
Global
	GlobalSection(SolutionConfigurationPlatforms) = preSolution
		Debug|Any CPU = Debug|Any CPU
		Debug|x64 = Debug|x64
		Debug|x86 = Debug|x86
		Release|Any CPU = Release|Any CPU
		Release|x64 = Release|x64
		Release|x86 = Release|x86
	EndGlobalSection
	GlobalSection(SolutionProperties) = preSolution
		HideSolutionNode = FALSE
	EndGlobalSection
	GlobalSection(ProjectConfigurationPlatforms) = postSolution
		{5D864CCA-5A2A-47E5-AE67-BE8F47F15C8B}.Debug|Any CPU.ActiveCfg = Debug|Any CPU
		{5D864CCA-5A2A-47E5-AE67-BE8F47F15C8B}.Debug|Any CPU.Build.0 = Debug|Any CPU
		{5D864CCA-5A2A-47E5-AE67-BE8F47F15C8B}.Debug|x64.ActiveCfg = Debug|Any CPU
		{5D864CCA-5A2A-47E5-AE67-BE8F47F15C8B}.Debug|x64.Build.0 = Debug|Any CPU
		{5D864CCA-5A2A-47E5-AE67-BE8F47F15C8B}.Debug|x86.ActiveCfg = Debug|Any CPU
		{5D864CCA-5A2A-47E5-AE67-BE8F47F15C8B}.Debug|x86.Build.0 = Debug|Any CPU
		{5D864CCA-5A2A-47E5-AE67-BE8F47F15C8B}.Release|Any CPU.ActiveCfg = Release|Any CPU
		{5D864CCA-5A2A-47E5-AE67-BE8F47F15C8B}.Release|Any CPU.Build.0 = Release|Any CPU
		{5D864CCA-5A2A-47E5-AE67-BE8F47F15C8B}.Release|x64.ActiveCfg = Release|Any CPU
		{5D864CCA-5A2A-47E5-AE67-BE8F47F15C8B}.Release|x64.Build.0 = Release|Any CPU
		{5D864CCA-5A2A-47E5-AE67-BE8F47F15C8B}.Release|x86.ActiveCfg = Release|Any CPU
		{5D864CCA-5A2A-47E5-AE67-BE8F47F15C8B}.Release|x86.Build.0 = Release|Any CPU
		{217BEDFB-A864-4BD5-A5DD-6281E927DCAC}.Debug|Any CPU.ActiveCfg = Debug|Any CPU
		{217BEDFB-A864-4BD5-A5DD-6281E927DCAC}.Debug|Any CPU.Build.0 = Debug|Any CPU
		{217BEDFB-A864-4BD5-A5DD-6281E927DCAC}.Debug|x64.ActiveCfg = Debug|Any CPU
		{217BEDFB-A864-4BD5-A5DD-6281E927DCAC}.Debug|x64.Build.0 = Debug|Any CPU
		{217BEDFB-A864-4BD5-A5DD-6281E927DCAC}.Debug|x86.ActiveCfg = Debug|Any CPU
		{217BEDFB-A864-4BD5-A5DD-6281E927DCAC}.Debug|x86.Build.0 = Debug|Any CPU
		{217BEDFB-A864-4BD5-A5DD-6281E927DCAC}.Release|Any CPU.ActiveCfg = Release|Any CPU
		{217BEDFB-A864-4BD5-A5DD-6281E927DCAC}.Release|Any CPU.Build.0 = Release|Any CPU
		{217BEDFB-A864-4BD5-A5DD-6281E927DCAC}.Release|x64.ActiveCfg = Release|Any CPU
		{217BEDFB-A864-4BD5-A5DD-6281E927DCAC}.Release|x64.Build.0 = Release|Any CPU
		{217BEDFB-A864-4BD5-A5DD-6281E927DCAC}.Release|x86.ActiveCfg = Release|Any CPU
		{217BEDFB-A864-4BD5-A5DD-6281E927DCAC}.Release|x86.Build.0 = Release|Any CPU
		{EA3FF3E1-EE1D-413B-9A67-15FAD06B838F}.Debug|Any CPU.ActiveCfg = Debug|Any CPU
		{EA3FF3E1-EE1D-413B-9A67-15FAD06B838F}.Debug|Any CPU.Build.0 = Debug|Any CPU
		{EA3FF3E1-EE1D-413B-9A67-15FAD06B838F}.Debug|x64.ActiveCfg = Debug|Any CPU
		{EA3FF3E1-EE1D-413B-9A67-15FAD06B838F}.Debug|x64.Build.0 = Debug|Any CPU
		{EA3FF3E1-EE1D-413B-9A67-15FAD06B838F}.Debug|x86.ActiveCfg = Debug|Any CPU
		{EA3FF3E1-EE1D-413B-9A67-15FAD06B838F}.Debug|x86.Build.0 = Debug|Any CPU
		{EA3FF3E1-EE1D-413B-9A67-15FAD06B838F}.Release|Any CPU.ActiveCfg = Release|Any CPU
		{EA3FF3E1-EE1D-413B-9A67-15FAD06B838F}.Release|Any CPU.Build.0 = Release|Any CPU
		{EA3FF3E1-EE1D-413B-9A67-15FAD06B838F}.Release|x64.ActiveCfg = Release|Any CPU
		{EA3FF3E1-EE1D-413B-9A67-15FAD06B838F}.Release|x64.Build.0 = Release|Any CPU
		{EA3FF3E1-EE1D-413B-9A67-15FAD06B838F}.Release|x86.ActiveCfg = Release|Any CPU
		{EA3FF3E1-EE1D-413B-9A67-15FAD06B838F}.Release|x86.Build.0 = Release|Any CPU
		{A501E281-58D7-4751-9DE9-4E892D4140E3}.Debug|Any CPU.ActiveCfg = Debug|Any CPU
		{A501E281-58D7-4751-9DE9-4E892D4140E3}.Debug|Any CPU.Build.0 = Debug|Any CPU
		{A501E281-58D7-4751-9DE9-4E892D4140E3}.Debug|x64.ActiveCfg = Debug|Any CPU
		{A501E281-58D7-4751-9DE9-4E892D4140E3}.Debug|x64.Build.0 = Debug|Any CPU
		{A501E281-58D7-4751-9DE9-4E892D4140E3}.Debug|x86.ActiveCfg = Debug|Any CPU
		{A501E281-58D7-4751-9DE9-4E892D4140E3}.Debug|x86.Build.0 = Debug|Any CPU
		{A501E281-58D7-4751-9DE9-4E892D4140E3}.Release|Any CPU.ActiveCfg = Release|Any CPU
		{A501E281-58D7-4751-9DE9-4E892D4140E3}.Release|Any CPU.Build.0 = Release|Any CPU
		{A501E281-58D7-4751-9DE9-4E892D4140E3}.Release|x64.ActiveCfg = Release|Any CPU
		{A501E281-58D7-4751-9DE9-4E892D4140E3}.Release|x64.Build.0 = Release|Any CPU
		{A501E281-58D7-4751-9DE9-4E892D4140E3}.Release|x86.ActiveCfg = Release|Any CPU
		{A501E281-58D7-4751-9DE9-4E892D4140E3}.Release|x86.Build.0 = Release|Any CPU
	EndGlobalSection
EndGlobal
