
Microsoft Visual Studio Solution File, Format Version 12.00
# Visual Studio 15
VisualStudioVersion = 15.0.26124.0
MinimumVisualStudioVersion = 15.0.26124.0
Project("{FAE04EC0-301F-11D3-BF4B-00C04F79EFBC}") = "BlazorDemo.ClientSide", "BlazorDemo.ClientSide\BlazorDemo.ClientSide.csproj", "{10B23BA2-B4EE-4742-96C7-C46A813150FB}"
EndProject
Project("{FAE04EC0-301F-11D3-BF4B-00C04F79EFBC}") = "BlazorDemo", "BlazorDemo\BlazorDemo.csproj", "{0E3782F5-EB5E-4628-BD66-84B8C333F7F5}"
EndProject
Project("{FAE04EC0-301F-11D3-BF4B-00C04F79EFBC}") = "DevExpress.Blazor.DocumentMetadata", "..\..\tools\DevExpress.Blazor.DocumentMetadata\DevExpress.Blazor.DocumentMetadata.csproj", "{FF5389A7-B821-4F44-8379-23539FCF7664}"
EndProject
Project("{FAE04EC0-301F-11D3-BF4B-00C04F79EFBC}") = "BlazorDemo.Wasm", "BlazorDemo.Wasm\BlazorDemo.Wasm.csproj", "{D20666D4-74DF-4396-9E64-BF7CF1B6C0CA}"
EndProject
Global
	GlobalSection(SolutionConfigurationPlatforms) = preSolution
		Debug|Any CPU = Debug|Any CPU
		Debug|x64 = Debug|x64
		Debug|x86 = Debug|x86
		Release|Any CPU = Release|Any CPU
		Release|x64 = Release|x64
		Release|x86 = Release|x86
	EndGlobalSection
	GlobalSection(SolutionProperties) = preSolution
		HideSolutionNode = FALSE
	EndGlobalSection
	GlobalSection(ProjectConfigurationPlatforms) = postSolution
		{10B23BA2-B4EE-4742-96C7-C46A813150FB}.Debug|Any CPU.ActiveCfg = Debug|Any CPU
		{10B23BA2-B4EE-4742-96C7-C46A813150FB}.Debug|Any CPU.Build.0 = Debug|Any CPU
		{10B23BA2-B4EE-4742-96C7-C46A813150FB}.Debug|x64.ActiveCfg = Debug|Any CPU
		{10B23BA2-B4EE-4742-96C7-C46A813150FB}.Debug|x64.Build.0 = Debug|Any CPU
		{10B23BA2-B4EE-4742-96C7-C46A813150FB}.Debug|x86.ActiveCfg = Debug|Any CPU
		{10B23BA2-B4EE-4742-96C7-C46A813150FB}.Debug|x86.Build.0 = Debug|Any CPU
		{10B23BA2-B4EE-4742-96C7-C46A813150FB}.Release|Any CPU.ActiveCfg = Release|Any CPU
		{10B23BA2-B4EE-4742-96C7-C46A813150FB}.Release|Any CPU.Build.0 = Release|Any CPU
		{10B23BA2-B4EE-4742-96C7-C46A813150FB}.Release|x64.ActiveCfg = Release|Any CPU
		{10B23BA2-B4EE-4742-96C7-C46A813150FB}.Release|x64.Build.0 = Release|Any CPU
		{10B23BA2-B4EE-4742-96C7-C46A813150FB}.Release|x86.ActiveCfg = Release|Any CPU
		{10B23BA2-B4EE-4742-96C7-C46A813150FB}.Release|x86.Build.0 = Release|Any CPU
		{0E3782F5-EB5E-4628-BD66-84B8C333F7F5}.Debug|Any CPU.ActiveCfg = Debug|Any CPU
		{0E3782F5-EB5E-4628-BD66-84B8C333F7F5}.Debug|Any CPU.Build.0 = Debug|Any CPU
		{0E3782F5-EB5E-4628-BD66-84B8C333F7F5}.Debug|x64.ActiveCfg = Debug|Any CPU
		{0E3782F5-EB5E-4628-BD66-84B8C333F7F5}.Debug|x64.Build.0 = Debug|Any CPU
		{0E3782F5-EB5E-4628-BD66-84B8C333F7F5}.Debug|x86.ActiveCfg = Debug|Any CPU
		{0E3782F5-EB5E-4628-BD66-84B8C333F7F5}.Debug|x86.Build.0 = Debug|Any CPU
		{0E3782F5-EB5E-4628-BD66-84B8C333F7F5}.Release|Any CPU.ActiveCfg = Release|Any CPU
		{0E3782F5-EB5E-4628-BD66-84B8C333F7F5}.Release|Any CPU.Build.0 = Release|Any CPU
		{0E3782F5-EB5E-4628-BD66-84B8C333F7F5}.Release|x64.ActiveCfg = Release|Any CPU
		{0E3782F5-EB5E-4628-BD66-84B8C333F7F5}.Release|x64.Build.0 = Release|Any CPU
		{0E3782F5-EB5E-4628-BD66-84B8C333F7F5}.Release|x86.ActiveCfg = Release|Any CPU
		{0E3782F5-EB5E-4628-BD66-84B8C333F7F5}.Release|x86.Build.0 = Release|Any CPU
		{FF5389A7-B821-4F44-8379-23539FCF7664}.Debug|Any CPU.ActiveCfg = Debug|Any CPU
		{FF5389A7-B821-4F44-8379-23539FCF7664}.Debug|Any CPU.Build.0 = Debug|Any CPU
		{FF5389A7-B821-4F44-8379-23539FCF7664}.Debug|x64.ActiveCfg = Debug|Any CPU
		{FF5389A7-B821-4F44-8379-23539FCF7664}.Debug|x64.Build.0 = Debug|Any CPU
		{FF5389A7-B821-4F44-8379-23539FCF7664}.Debug|x86.ActiveCfg = Debug|Any CPU
		{FF5389A7-B821-4F44-8379-23539FCF7664}.Debug|x86.Build.0 = Debug|Any CPU
		{FF5389A7-B821-4F44-8379-23539FCF7664}.Release|Any CPU.ActiveCfg = Release|Any CPU
		{FF5389A7-B821-4F44-8379-23539FCF7664}.Release|Any CPU.Build.0 = Release|Any CPU
		{FF5389A7-B821-4F44-8379-23539FCF7664}.Release|x64.ActiveCfg = Release|Any CPU
		{FF5389A7-B821-4F44-8379-23539FCF7664}.Release|x64.Build.0 = Release|Any CPU
		{FF5389A7-B821-4F44-8379-23539FCF7664}.Release|x86.ActiveCfg = Release|Any CPU
		{FF5389A7-B821-4F44-8379-23539FCF7664}.Release|x86.Build.0 = Release|Any CPU
		{D20666D4-74DF-4396-9E64-BF7CF1B6C0CA}.Debug|Any CPU.ActiveCfg = Debug|Any CPU
		{D20666D4-74DF-4396-9E64-BF7CF1B6C0CA}.Debug|Any CPU.Build.0 = Debug|Any CPU
		{D20666D4-74DF-4396-9E64-BF7CF1B6C0CA}.Debug|x64.ActiveCfg = Debug|Any CPU
		{D20666D4-74DF-4396-9E64-BF7CF1B6C0CA}.Debug|x64.Build.0 = Debug|Any CPU
		{D20666D4-74DF-4396-9E64-BF7CF1B6C0CA}.Debug|x86.ActiveCfg = Debug|Any CPU
		{D20666D4-74DF-4396-9E64-BF7CF1B6C0CA}.Debug|x86.Build.0 = Debug|Any CPU
		{D20666D4-74DF-4396-9E64-BF7CF1B6C0CA}.Release|Any CPU.ActiveCfg = Release|Any CPU
		{D20666D4-74DF-4396-9E64-BF7CF1B6C0CA}.Release|Any CPU.Build.0 = Release|Any CPU
		{D20666D4-74DF-4396-9E64-BF7CF1B6C0CA}.Release|x64.ActiveCfg = Release|Any CPU
		{D20666D4-74DF-4396-9E64-BF7CF1B6C0CA}.Release|x64.Build.0 = Release|Any CPU
		{D20666D4-74DF-4396-9E64-BF7CF1B6C0CA}.Release|x86.ActiveCfg = Release|Any CPU
		{D20666D4-74DF-4396-9E64-BF7CF1B6C0CA}.Release|x86.Build.0 = Release|Any CPU
	EndGlobalSection
EndGlobal
