
Microsoft Visual Studio Solution File, Format Version 12.00
# Visual Studio 15
VisualStudioVersion = 15.0.26124.0
MinimumVisualStudioVersion = 15.0.26124.0
Project("{FAE04EC0-301F-11D3-BF4B-00C04F79EFBC}") = "BlazorDemo.ClientSideWithPrerendering", "BlazorDemo.ClientSideWithPrerendering\BlazorDemo.ClientSideWithPrerendering.csproj", "{DAC15390-32D8-4ED6-A3CC-51B8447BA407}"
EndProject
Project("{FAE04EC0-301F-11D3-BF4B-00C04F79EFBC}") = "BlazorDemo", "BlazorDemo\BlazorDemo.csproj", "{B93BA7AC-B142-49FE-A117-9368242D384B}"
EndProject
Project("{FAE04EC0-301F-11D3-BF4B-00C04F79EFBC}") = "DevExpress.Blazor.DocumentMetadata", "..\..\tools\DevExpress.Blazor.DocumentMetadata\DevExpress.Blazor.DocumentMetadata.csproj", "{74B1A0DA-43DA-455C-9ED2-6B5B018E435D}"
EndProject
Project("{FAE04EC0-301F-11D3-BF4B-00C04F79EFBC}") = "BlazorDemo.Wasm", "BlazorDemo.Wasm\BlazorDemo.Wasm.csproj", "{44516CEF-5224-44AA-A223-5C0BDCAE1C55}"
EndProject
Global
	GlobalSection(SolutionConfigurationPlatforms) = preSolution
		Debug|Any CPU = Debug|Any CPU
		Debug|x64 = Debug|x64
		Debug|x86 = Debug|x86
		Release|Any CPU = Release|Any CPU
		Release|x64 = Release|x64
		Release|x86 = Release|x86
	EndGlobalSection
	GlobalSection(SolutionProperties) = preSolution
		HideSolutionNode = FALSE
	EndGlobalSection
	GlobalSection(ProjectConfigurationPlatforms) = postSolution
		{DAC15390-32D8-4ED6-A3CC-51B8447BA407}.Debug|Any CPU.ActiveCfg = Debug|Any CPU
		{DAC15390-32D8-4ED6-A3CC-51B8447BA407}.Debug|Any CPU.Build.0 = Debug|Any CPU
		{DAC15390-32D8-4ED6-A3CC-51B8447BA407}.Debug|x64.ActiveCfg = Debug|Any CPU
		{DAC15390-32D8-4ED6-A3CC-51B8447BA407}.Debug|x64.Build.0 = Debug|Any CPU
		{DAC15390-32D8-4ED6-A3CC-51B8447BA407}.Debug|x86.ActiveCfg = Debug|Any CPU
		{DAC15390-32D8-4ED6-A3CC-51B8447BA407}.Debug|x86.Build.0 = Debug|Any CPU
		{DAC15390-32D8-4ED6-A3CC-51B8447BA407}.Release|Any CPU.ActiveCfg = Release|Any CPU
		{DAC15390-32D8-4ED6-A3CC-51B8447BA407}.Release|Any CPU.Build.0 = Release|Any CPU
		{DAC15390-32D8-4ED6-A3CC-51B8447BA407}.Release|x64.ActiveCfg = Release|Any CPU
		{DAC15390-32D8-4ED6-A3CC-51B8447BA407}.Release|x64.Build.0 = Release|Any CPU
		{DAC15390-32D8-4ED6-A3CC-51B8447BA407}.Release|x86.ActiveCfg = Release|Any CPU
		{DAC15390-32D8-4ED6-A3CC-51B8447BA407}.Release|x86.Build.0 = Release|Any CPU
		{B93BA7AC-B142-49FE-A117-9368242D384B}.Debug|Any CPU.ActiveCfg = Debug|Any CPU
		{B93BA7AC-B142-49FE-A117-9368242D384B}.Debug|Any CPU.Build.0 = Debug|Any CPU
		{B93BA7AC-B142-49FE-A117-9368242D384B}.Debug|x64.ActiveCfg = Debug|Any CPU
		{B93BA7AC-B142-49FE-A117-9368242D384B}.Debug|x64.Build.0 = Debug|Any CPU
		{B93BA7AC-B142-49FE-A117-9368242D384B}.Debug|x86.ActiveCfg = Debug|Any CPU
		{B93BA7AC-B142-49FE-A117-9368242D384B}.Debug|x86.Build.0 = Debug|Any CPU
		{B93BA7AC-B142-49FE-A117-9368242D384B}.Release|Any CPU.ActiveCfg = Release|Any CPU
		{B93BA7AC-B142-49FE-A117-9368242D384B}.Release|Any CPU.Build.0 = Release|Any CPU
		{B93BA7AC-B142-49FE-A117-9368242D384B}.Release|x64.ActiveCfg = Release|Any CPU
		{B93BA7AC-B142-49FE-A117-9368242D384B}.Release|x64.Build.0 = Release|Any CPU
		{B93BA7AC-B142-49FE-A117-9368242D384B}.Release|x86.ActiveCfg = Release|Any CPU
		{B93BA7AC-B142-49FE-A117-9368242D384B}.Release|x86.Build.0 = Release|Any CPU
		{74B1A0DA-43DA-455C-9ED2-6B5B018E435D}.Debug|Any CPU.ActiveCfg = Debug|Any CPU
		{74B1A0DA-43DA-455C-9ED2-6B5B018E435D}.Debug|Any CPU.Build.0 = Debug|Any CPU
		{74B1A0DA-43DA-455C-9ED2-6B5B018E435D}.Debug|x64.ActiveCfg = Debug|Any CPU
		{74B1A0DA-43DA-455C-9ED2-6B5B018E435D}.Debug|x64.Build.0 = Debug|Any CPU
		{74B1A0DA-43DA-455C-9ED2-6B5B018E435D}.Debug|x86.ActiveCfg = Debug|Any CPU
		{74B1A0DA-43DA-455C-9ED2-6B5B018E435D}.Debug|x86.Build.0 = Debug|Any CPU
		{74B1A0DA-43DA-455C-9ED2-6B5B018E435D}.Release|Any CPU.ActiveCfg = Release|Any CPU
		{74B1A0DA-43DA-455C-9ED2-6B5B018E435D}.Release|Any CPU.Build.0 = Release|Any CPU
		{74B1A0DA-43DA-455C-9ED2-6B5B018E435D}.Release|x64.ActiveCfg = Release|Any CPU
		{74B1A0DA-43DA-455C-9ED2-6B5B018E435D}.Release|x64.Build.0 = Release|Any CPU
		{74B1A0DA-43DA-455C-9ED2-6B5B018E435D}.Release|x86.ActiveCfg = Release|Any CPU
		{74B1A0DA-43DA-455C-9ED2-6B5B018E435D}.Release|x86.Build.0 = Release|Any CPU
		{44516CEF-5224-44AA-A223-5C0BDCAE1C55}.Debug|Any CPU.ActiveCfg = Debug|Any CPU
		{44516CEF-5224-44AA-A223-5C0BDCAE1C55}.Debug|Any CPU.Build.0 = Debug|Any CPU
		{44516CEF-5224-44AA-A223-5C0BDCAE1C55}.Debug|x64.ActiveCfg = Debug|Any CPU
		{44516CEF-5224-44AA-A223-5C0BDCAE1C55}.Debug|x64.Build.0 = Debug|Any CPU
		{44516CEF-5224-44AA-A223-5C0BDCAE1C55}.Debug|x86.ActiveCfg = Debug|Any CPU
		{44516CEF-5224-44AA-A223-5C0BDCAE1C55}.Debug|x86.Build.0 = Debug|Any CPU
		{44516CEF-5224-44AA-A223-5C0BDCAE1C55}.Release|Any CPU.ActiveCfg = Release|Any CPU
		{44516CEF-5224-44AA-A223-5C0BDCAE1C55}.Release|Any CPU.Build.0 = Release|Any CPU
		{44516CEF-5224-44AA-A223-5C0BDCAE1C55}.Release|x64.ActiveCfg = Release|Any CPU
		{44516CEF-5224-44AA-A223-5C0BDCAE1C55}.Release|x64.Build.0 = Release|Any CPU
		{44516CEF-5224-44AA-A223-5C0BDCAE1C55}.Release|x86.ActiveCfg = Release|Any CPU
		{44516CEF-5224-44AA-A223-5C0BDCAE1C55}.Release|x86.Build.0 = Release|Any CPU
	EndGlobalSection
EndGlobal
