
Microsoft Visual Studio Solution File, Format Version 12.00
# Visual Studio Version 16
VisualStudioVersion = 16.0.28803.352
MinimumVisualStudioVersion = 10.0.40219.1
Project("{9A19103F-16F7-4668-BE54-9A1E7A4F7556}") = "BlazorDemo.ClientSide", "BlazorDemo.ClientSide\BlazorDemo.ClientSide.csproj", "{D7E27A55-F9A0-4818-AC97-D2503A3E3B4D}"
EndProject
Project("{9A19103F-16F7-4668-BE54-9A1E7A4F7556}") = "BlazorDemo.ServerSide", "BlazorDemo.ServerSide\BlazorDemo.ServerSide.csproj", "{86DC6BDB-10BA-4178-B069-46D219841362}"
EndProject
Project("{9A19103F-16F7-4668-BE54-9A1E7A4F7556}") = "DevExpress.BlazorClientSide.DocumentMetadata", "..\..\tools\DevExpress.Blazor.DocumentMetadata\DevExpress.BlazorClientSide.DocumentMetadata.csproj", "{4AEA5B72-80B5-48C9-84DA-E27E5382917C}"
EndProject
Global
	GlobalSection(SolutionConfigurationPlatforms) = preSolution
		Debug|Any CPU = Debug|Any CPU
		Release|Any CPU = Release|Any CPU
	EndGlobalSection
	GlobalSection(ProjectConfigurationPlatforms) = postSolution
		{D7E27A55-F9A0-4818-AC97-D2503A3E3B4D}.Debug|Any CPU.ActiveCfg = Debug|Any CPU
		{D7E27A55-F9A0-4818-AC97-D2503A3E3B4D}.Debug|Any CPU.Build.0 = Debug|Any CPU
		{D7E27A55-F9A0-4818-AC97-D2503A3E3B4D}.Release|Any CPU.ActiveCfg = Release|Any CPU
		{D7E27A55-F9A0-4818-AC97-D2503A3E3B4D}.Release|Any CPU.Build.0 = Release|Any CPU
		{86DC6BDB-10BA-4178-B069-46D219841362}.Debug|Any CPU.ActiveCfg = Debug|Any CPU
		{86DC6BDB-10BA-4178-B069-46D219841362}.Debug|Any CPU.Build.0 = Debug|Any CPU
		{86DC6BDB-10BA-4178-B069-46D219841362}.Release|Any CPU.ActiveCfg = Release|Any CPU
		{86DC6BDB-10BA-4178-B069-46D219841362}.Release|Any CPU.Build.0 = Release|Any CPU
		{4AEA5B72-80B5-48C9-84DA-E27E5382917C}.Debug|Any CPU.ActiveCfg = Debug|Any CPU
		{4AEA5B72-80B5-48C9-84DA-E27E5382917C}.Debug|Any CPU.Build.0 = Debug|Any CPU
		{4AEA5B72-80B5-48C9-84DA-E27E5382917C}.Release|Any CPU.ActiveCfg = Release|Any CPU
		{4AEA5B72-80B5-48C9-84DA-E27E5382917C}.Release|Any CPU.Build.0 = Release|Any CPU
	EndGlobalSection
	GlobalSection(SolutionProperties) = preSolution
		HideSolutionNode = FALSE
	EndGlobalSection
	GlobalSection(ExtensibilityGlobals) = postSolution
		SolutionGuid = {6CCE57B9-162D-4E60-8F97-B1A4AE6CF222}
	EndGlobalSection
EndGlobal
