
Microsoft Visual Studio Solution File, Format Version 12.00
# Visual Studio 15
VisualStudioVersion = 15.0.26124.0
MinimumVisualStudioVersion = 15.0.26124.0
Project("{FAE04EC0-301F-11D3-BF4B-00C04F79EFBC}") = "BlazorDemo.ClientSideWithPrerendering", "BlazorDemo.ClientSideWithPrerendering\BlazorDemo.ClientSideWithPrerendering.csproj", "{1C8F5C04-A408-45FA-B104-8621FC736BE8}"
EndProject
Project("{FAE04EC0-301F-11D3-BF4B-00C04F79EFBC}") = "BlazorDemo", "BlazorDemo\BlazorDemo.csproj", "{C6085C91-F24B-42D7-885A-A32A9A1676C2}"
EndProject
Project("{FAE04EC0-301F-11D3-BF4B-00C04F79EFBC}") = "DevExpress.Blazor.DocumentMetadata", "..\..\tools\DevExpress.Blazor.DocumentMetadata\DevExpress.Blazor.DocumentMetadata.csproj", "{D0B5D13F-6E7E-48E7-B356-71F3852DB81B}"
EndProject
Project("{FAE04EC0-301F-11D3-BF4B-00C04F79EFBC}") = "BlazorDemo.Wasm", "BlazorDemo.Wasm\BlazorDemo.Wasm.csproj", "{E2AF535C-33E9-4801-8CD4-4E3CF6C56844}"
EndProject
Global
	GlobalSection(SolutionConfigurationPlatforms) = preSolution
		Debug|Any CPU = Debug|Any CPU
		Debug|x64 = Debug|x64
		Debug|x86 = Debug|x86
		Release|Any CPU = Release|Any CPU
		Release|x64 = Release|x64
		Release|x86 = Release|x86
	EndGlobalSection
	GlobalSection(SolutionProperties) = preSolution
		HideSolutionNode = FALSE
	EndGlobalSection
	GlobalSection(ProjectConfigurationPlatforms) = postSolution
		{1C8F5C04-A408-45FA-B104-8621FC736BE8}.Debug|Any CPU.ActiveCfg = Debug|Any CPU
		{1C8F5C04-A408-45FA-B104-8621FC736BE8}.Debug|Any CPU.Build.0 = Debug|Any CPU
		{1C8F5C04-A408-45FA-B104-8621FC736BE8}.Debug|x64.ActiveCfg = Debug|Any CPU
		{1C8F5C04-A408-45FA-B104-8621FC736BE8}.Debug|x64.Build.0 = Debug|Any CPU
		{1C8F5C04-A408-45FA-B104-8621FC736BE8}.Debug|x86.ActiveCfg = Debug|Any CPU
		{1C8F5C04-A408-45FA-B104-8621FC736BE8}.Debug|x86.Build.0 = Debug|Any CPU
		{1C8F5C04-A408-45FA-B104-8621FC736BE8}.Release|Any CPU.ActiveCfg = Release|Any CPU
		{1C8F5C04-A408-45FA-B104-8621FC736BE8}.Release|Any CPU.Build.0 = Release|Any CPU
		{1C8F5C04-A408-45FA-B104-8621FC736BE8}.Release|x64.ActiveCfg = Release|Any CPU
		{1C8F5C04-A408-45FA-B104-8621FC736BE8}.Release|x64.Build.0 = Release|Any CPU
		{1C8F5C04-A408-45FA-B104-8621FC736BE8}.Release|x86.ActiveCfg = Release|Any CPU
		{1C8F5C04-A408-45FA-B104-8621FC736BE8}.Release|x86.Build.0 = Release|Any CPU
		{C6085C91-F24B-42D7-885A-A32A9A1676C2}.Debug|Any CPU.ActiveCfg = Debug|Any CPU
		{C6085C91-F24B-42D7-885A-A32A9A1676C2}.Debug|Any CPU.Build.0 = Debug|Any CPU
		{C6085C91-F24B-42D7-885A-A32A9A1676C2}.Debug|x64.ActiveCfg = Debug|Any CPU
		{C6085C91-F24B-42D7-885A-A32A9A1676C2}.Debug|x64.Build.0 = Debug|Any CPU
		{C6085C91-F24B-42D7-885A-A32A9A1676C2}.Debug|x86.ActiveCfg = Debug|Any CPU
		{C6085C91-F24B-42D7-885A-A32A9A1676C2}.Debug|x86.Build.0 = Debug|Any CPU
		{C6085C91-F24B-42D7-885A-A32A9A1676C2}.Release|Any CPU.ActiveCfg = Release|Any CPU
		{C6085C91-F24B-42D7-885A-A32A9A1676C2}.Release|Any CPU.Build.0 = Release|Any CPU
		{C6085C91-F24B-42D7-885A-A32A9A1676C2}.Release|x64.ActiveCfg = Release|Any CPU
		{C6085C91-F24B-42D7-885A-A32A9A1676C2}.Release|x64.Build.0 = Release|Any CPU
		{C6085C91-F24B-42D7-885A-A32A9A1676C2}.Release|x86.ActiveCfg = Release|Any CPU
		{C6085C91-F24B-42D7-885A-A32A9A1676C2}.Release|x86.Build.0 = Release|Any CPU
		{D0B5D13F-6E7E-48E7-B356-71F3852DB81B}.Debug|Any CPU.ActiveCfg = Debug|Any CPU
		{D0B5D13F-6E7E-48E7-B356-71F3852DB81B}.Debug|Any CPU.Build.0 = Debug|Any CPU
		{D0B5D13F-6E7E-48E7-B356-71F3852DB81B}.Debug|x64.ActiveCfg = Debug|Any CPU
		{D0B5D13F-6E7E-48E7-B356-71F3852DB81B}.Debug|x64.Build.0 = Debug|Any CPU
		{D0B5D13F-6E7E-48E7-B356-71F3852DB81B}.Debug|x86.ActiveCfg = Debug|Any CPU
		{D0B5D13F-6E7E-48E7-B356-71F3852DB81B}.Debug|x86.Build.0 = Debug|Any CPU
		{D0B5D13F-6E7E-48E7-B356-71F3852DB81B}.Release|Any CPU.ActiveCfg = Release|Any CPU
		{D0B5D13F-6E7E-48E7-B356-71F3852DB81B}.Release|Any CPU.Build.0 = Release|Any CPU
		{D0B5D13F-6E7E-48E7-B356-71F3852DB81B}.Release|x64.ActiveCfg = Release|Any CPU
		{D0B5D13F-6E7E-48E7-B356-71F3852DB81B}.Release|x64.Build.0 = Release|Any CPU
		{D0B5D13F-6E7E-48E7-B356-71F3852DB81B}.Release|x86.ActiveCfg = Release|Any CPU
		{D0B5D13F-6E7E-48E7-B356-71F3852DB81B}.Release|x86.Build.0 = Release|Any CPU
		{E2AF535C-33E9-4801-8CD4-4E3CF6C56844}.Debug|Any CPU.ActiveCfg = Debug|Any CPU
		{E2AF535C-33E9-4801-8CD4-4E3CF6C56844}.Debug|Any CPU.Build.0 = Debug|Any CPU
		{E2AF535C-33E9-4801-8CD4-4E3CF6C56844}.Debug|x64.ActiveCfg = Debug|Any CPU
		{E2AF535C-33E9-4801-8CD4-4E3CF6C56844}.Debug|x64.Build.0 = Debug|Any CPU
		{E2AF535C-33E9-4801-8CD4-4E3CF6C56844}.Debug|x86.ActiveCfg = Debug|Any CPU
		{E2AF535C-33E9-4801-8CD4-4E3CF6C56844}.Debug|x86.Build.0 = Debug|Any CPU
		{E2AF535C-33E9-4801-8CD4-4E3CF6C56844}.Release|Any CPU.ActiveCfg = Release|Any CPU
		{E2AF535C-33E9-4801-8CD4-4E3CF6C56844}.Release|Any CPU.Build.0 = Release|Any CPU
		{E2AF535C-33E9-4801-8CD4-4E3CF6C56844}.Release|x64.ActiveCfg = Release|Any CPU
		{E2AF535C-33E9-4801-8CD4-4E3CF6C56844}.Release|x64.Build.0 = Release|Any CPU
		{E2AF535C-33E9-4801-8CD4-4E3CF6C56844}.Release|x86.ActiveCfg = Release|Any CPU
		{E2AF535C-33E9-4801-8CD4-4E3CF6C56844}.Release|x86.Build.0 = Release|Any CPU
	EndGlobalSection
EndGlobal
